# This file is automatically @generated by Poetry 1.6.1 and should not be changed by hand.

[[package]]
name = "click"
version = "8.1.7"
description = "Composable command line interface toolkit"
optional = false
python-versions = ">=3.7"
files = [
    {file = "click-8.1.7-py3-none-any.whl", hash = "sha256:ae74fb96c20a0277a1d615f1e4d73c8414f5a98db8b799a7931d1582f3390c28"},
    {file = "click-8.1.7.tar.gz", hash = "sha256:ca9853ad459e787e2192211578cc907e7594e294c7ccc834310722b41b9ca6de"},
]

[package.dependencies]
colorama = {version = "*", markers = "platform_system == \"Windows\""}

[[package]]
name = "colorama"
version = "0.4.6"
description = "Cross-platform colored terminal text."
optional = false
python-versions = "!=3.0.*,!=3.1.*,!=3.2.*,!=3.3.*,!=3.4.*,!=3.5.*,!=3.6.*,>=2.7"
files = [
    {file = "colorama-0.4.6-py2.py3-none-any.whl", hash = "sha256:4f1d9991f5acc0ca119f9d443620b77f9d6b33703e51011c16baf57afb285fc6"},
    {file = "colorama-0.4.6.tar.gz", hash = "sha256:08695f5cb7ed6e0531a20572697297273c47b8cae5a63ffc6d6ed5c201be6e44"},
]

[[package]]
name = "coverage"
version = "7.3.1"
description = "Code coverage measurement for Python"
optional = false
python-versions = ">=3.8"
files = [
    {file = "coverage-7.3.1-cp310-cp310-macosx_10_9_x86_64.whl", hash = "sha256:cd0f7429ecfd1ff597389907045ff209c8fdb5b013d38cfa7c60728cb484b6e3"},
    {file = "coverage-7.3.1-cp310-cp310-macosx_11_0_arm64.whl", hash = "sha256:966f10df9b2b2115da87f50f6a248e313c72a668248be1b9060ce935c871f276"},
    {file = "coverage-7.3.1-cp310-cp310-manylinux_2_17_aarch64.manylinux2014_aarch64.whl", hash = "sha256:0575c37e207bb9b98b6cf72fdaaa18ac909fb3d153083400c2d48e2e6d28bd8e"},
    {file = "coverage-7.3.1-cp310-cp310-manylinux_2_5_i686.manylinux1_i686.manylinux_2_17_i686.manylinux2014_i686.whl", hash = "sha256:245c5a99254e83875c7fed8b8b2536f040997a9b76ac4c1da5bff398c06e860f"},
    {file = "coverage-7.3.1-cp310-cp310-manylinux_2_5_x86_64.manylinux1_x86_64.manylinux_2_17_x86_64.manylinux2014_x86_64.whl", hash = "sha256:4c96dd7798d83b960afc6c1feb9e5af537fc4908852ef025600374ff1a017392"},
    {file = "coverage-7.3.1-cp310-cp310-musllinux_1_1_aarch64.whl", hash = "sha256:de30c1aa80f30af0f6b2058a91505ea6e36d6535d437520067f525f7df123887"},
    {file = "coverage-7.3.1-cp310-cp310-musllinux_1_1_i686.whl", hash = "sha256:50dd1e2dd13dbbd856ffef69196781edff26c800a74f070d3b3e3389cab2600d"},
    {file = "coverage-7.3.1-cp310-cp310-musllinux_1_1_x86_64.whl", hash = "sha256:b9c0c19f70d30219113b18fe07e372b244fb2a773d4afde29d5a2f7930765136"},
    {file = "coverage-7.3.1-cp310-cp310-win32.whl", hash = "sha256:770f143980cc16eb601ccfd571846e89a5fe4c03b4193f2e485268f224ab602f"},
    {file = "coverage-7.3.1-cp310-cp310-win_amd64.whl", hash = "sha256:cdd088c00c39a27cfa5329349cc763a48761fdc785879220d54eb785c8a38520"},
    {file = "coverage-7.3.1-cp311-cp311-macosx_10_9_x86_64.whl", hash = "sha256:74bb470399dc1989b535cb41f5ca7ab2af561e40def22d7e188e0a445e7639e3"},
    {file = "coverage-7.3.1-cp311-cp311-macosx_11_0_arm64.whl", hash = "sha256:025ded371f1ca280c035d91b43252adbb04d2aea4c7105252d3cbc227f03b375"},
    {file = "coverage-7.3.1-cp311-cp311-manylinux_2_17_aarch64.manylinux2014_aarch64.whl", hash = "sha256:a6191b3a6ad3e09b6cfd75b45c6aeeffe7e3b0ad46b268345d159b8df8d835f9"},
    {file = "coverage-7.3.1-cp311-cp311-manylinux_2_5_i686.manylinux1_i686.manylinux_2_17_i686.manylinux2014_i686.whl", hash = "sha256:7eb0b188f30e41ddd659a529e385470aa6782f3b412f860ce22b2491c89b8593"},
    {file = "coverage-7.3.1-cp311-cp311-manylinux_2_5_x86_64.manylinux1_x86_64.manylinux_2_17_x86_64.manylinux2014_x86_64.whl", hash = "sha256:75c8f0df9dfd8ff745bccff75867d63ef336e57cc22b2908ee725cc552689ec8"},
    {file = "coverage-7.3.1-cp311-cp311-musllinux_1_1_aarch64.whl", hash = "sha256:7eb3cd48d54b9bd0e73026dedce44773214064be93611deab0b6a43158c3d5a0"},
    {file = "coverage-7.3.1-cp311-cp311-musllinux_1_1_i686.whl", hash = "sha256:ac3c5b7e75acac31e490b7851595212ed951889918d398b7afa12736c85e13ce"},
    {file = "coverage-7.3.1-cp311-cp311-musllinux_1_1_x86_64.whl", hash = "sha256:5b4ee7080878077af0afa7238df1b967f00dc10763f6e1b66f5cced4abebb0a3"},
    {file = "coverage-7.3.1-cp311-cp311-win32.whl", hash = "sha256:229c0dd2ccf956bf5aeede7e3131ca48b65beacde2029f0361b54bf93d36f45a"},
    {file = "coverage-7.3.1-cp311-cp311-win_amd64.whl", hash = "sha256:c6f55d38818ca9596dc9019eae19a47410d5322408140d9a0076001a3dcb938c"},
    {file = "coverage-7.3.1-cp312-cp312-macosx_10_9_x86_64.whl", hash = "sha256:5289490dd1c3bb86de4730a92261ae66ea8d44b79ed3cc26464f4c2cde581fbc"},
    {file = "coverage-7.3.1-cp312-cp312-macosx_11_0_arm64.whl", hash = "sha256:ca833941ec701fda15414be400c3259479bfde7ae6d806b69e63b3dc423b1832"},
    {file = "coverage-7.3.1-cp312-cp312-manylinux_2_17_aarch64.manylinux2014_aarch64.whl", hash = "sha256:cd694e19c031733e446c8024dedd12a00cda87e1c10bd7b8539a87963685e969"},
    {file = "coverage-7.3.1-cp312-cp312-manylinux_2_5_i686.manylinux1_i686.manylinux_2_17_i686.manylinux2014_i686.whl", hash = "sha256:aab8e9464c00da5cb9c536150b7fbcd8850d376d1151741dd0d16dfe1ba4fd26"},
    {file = "coverage-7.3.1-cp312-cp312-manylinux_2_5_x86_64.manylinux1_x86_64.manylinux_2_17_x86_64.manylinux2014_x86_64.whl", hash = "sha256:87d38444efffd5b056fcc026c1e8d862191881143c3aa80bb11fcf9dca9ae204"},
    {file = "coverage-7.3.1-cp312-cp312-musllinux_1_1_aarch64.whl", hash = "sha256:8a07b692129b8a14ad7a37941a3029c291254feb7a4237f245cfae2de78de037"},
    {file = "coverage-7.3.1-cp312-cp312-musllinux_1_1_i686.whl", hash = "sha256:2829c65c8faaf55b868ed7af3c7477b76b1c6ebeee99a28f59a2cb5907a45760"},
    {file = "coverage-7.3.1-cp312-cp312-musllinux_1_1_x86_64.whl", hash = "sha256:1f111a7d85658ea52ffad7084088277135ec5f368457275fc57f11cebb15607f"},
    {file = "coverage-7.3.1-cp312-cp312-win32.whl", hash = "sha256:c397c70cd20f6df7d2a52283857af622d5f23300c4ca8e5bd8c7a543825baa5a"},
    {file = "coverage-7.3.1-cp312-cp312-win_amd64.whl", hash = "sha256:5ae4c6da8b3d123500f9525b50bf0168023313963e0e2e814badf9000dd6ef92"},
    {file = "coverage-7.3.1-cp38-cp38-macosx_10_9_x86_64.whl", hash = "sha256:ca70466ca3a17460e8fc9cea7123c8cbef5ada4be3140a1ef8f7b63f2f37108f"},
    {file = "coverage-7.3.1-cp38-cp38-macosx_11_0_arm64.whl", hash = "sha256:f2781fd3cabc28278dc982a352f50c81c09a1a500cc2086dc4249853ea96b981"},
    {file = "coverage-7.3.1-cp38-cp38-manylinux_2_17_aarch64.manylinux2014_aarch64.whl", hash = "sha256:6407424621f40205bbe6325686417e5e552f6b2dba3535dd1f90afc88a61d465"},
    {file = "coverage-7.3.1-cp38-cp38-manylinux_2_5_i686.manylinux1_i686.manylinux_2_17_i686.manylinux2014_i686.whl", hash = "sha256:04312b036580ec505f2b77cbbdfb15137d5efdfade09156961f5277149f5e344"},
    {file = "coverage-7.3.1-cp38-cp38-manylinux_2_5_x86_64.manylinux1_x86_64.manylinux_2_17_x86_64.manylinux2014_x86_64.whl", hash = "sha256:ac9ad38204887349853d7c313f53a7b1c210ce138c73859e925bc4e5d8fc18e7"},
    {file = "coverage-7.3.1-cp38-cp38-musllinux_1_1_aarch64.whl", hash = "sha256:53669b79f3d599da95a0afbef039ac0fadbb236532feb042c534fbb81b1a4e40"},
    {file = "coverage-7.3.1-cp38-cp38-musllinux_1_1_i686.whl", hash = "sha256:614f1f98b84eb256e4f35e726bfe5ca82349f8dfa576faabf8a49ca09e630086"},
    {file = "coverage-7.3.1-cp38-cp38-musllinux_1_1_x86_64.whl", hash = "sha256:f1a317fdf5c122ad642db8a97964733ab7c3cf6009e1a8ae8821089993f175ff"},
    {file = "coverage-7.3.1-cp38-cp38-win32.whl", hash = "sha256:defbbb51121189722420a208957e26e49809feafca6afeef325df66c39c4fdb3"},
    {file = "coverage-7.3.1-cp38-cp38-win_amd64.whl", hash = "sha256:f4f456590eefb6e1b3c9ea6328c1e9fa0f1006e7481179d749b3376fc793478e"},
    {file = "coverage-7.3.1-cp39-cp39-macosx_10_9_x86_64.whl", hash = "sha256:f12d8b11a54f32688b165fd1a788c408f927b0960984b899be7e4c190ae758f1"},
    {file = "coverage-7.3.1-cp39-cp39-macosx_11_0_arm64.whl", hash = "sha256:f09195dda68d94a53123883de75bb97b0e35f5f6f9f3aa5bf6e496da718f0cb6"},
    {file = "coverage-7.3.1-cp39-cp39-manylinux_2_17_aarch64.manylinux2014_aarch64.whl", hash = "sha256:c6601a60318f9c3945be6ea0f2a80571f4299b6801716f8a6e4846892737ebe4"},
    {file = "coverage-7.3.1-cp39-cp39-manylinux_2_5_i686.manylinux1_i686.manylinux_2_17_i686.manylinux2014_i686.whl", hash = "sha256:07d156269718670d00a3b06db2288b48527fc5f36859425ff7cec07c6b367745"},
    {file = "coverage-7.3.1-cp39-cp39-manylinux_2_5_x86_64.manylinux1_x86_64.manylinux_2_17_x86_64.manylinux2014_x86_64.whl", hash = "sha256:636a8ac0b044cfeccae76a36f3b18264edcc810a76a49884b96dd744613ec0b7"},
    {file = "coverage-7.3.1-cp39-cp39-musllinux_1_1_aarch64.whl", hash = "sha256:5d991e13ad2ed3aced177f524e4d670f304c8233edad3210e02c465351f785a0"},
    {file = "coverage-7.3.1-cp39-cp39-musllinux_1_1_i686.whl", hash = "sha256:586649ada7cf139445da386ab6f8ef00e6172f11a939fc3b2b7e7c9082052fa0"},
    {file = "coverage-7.3.1-cp39-cp39-musllinux_1_1_x86_64.whl", hash = "sha256:4aba512a15a3e1e4fdbfed2f5392ec221434a614cc68100ca99dcad7af29f3f8"},
    {file = "coverage-7.3.1-cp39-cp39-win32.whl", hash = "sha256:6bc6f3f4692d806831c136c5acad5ccedd0262aa44c087c46b7101c77e139140"},
    {file = "coverage-7.3.1-cp39-cp39-win_amd64.whl", hash = "sha256:553d7094cb27db58ea91332e8b5681bac107e7242c23f7629ab1316ee73c4981"},
    {file = "coverage-7.3.1-pp38.pp39.pp310-none-any.whl", hash = "sha256:220eb51f5fb38dfdb7e5d54284ca4d0cd70ddac047d750111a68ab1798945194"},
    {file = "coverage-7.3.1.tar.gz", hash = "sha256:6cb7fe1581deb67b782c153136541e20901aa312ceedaf1467dcb35255787952"},
]

[package.dependencies]
tomli = {version = "*", optional = true, markers = "python_full_version <= \"3.11.0a6\" and extra == \"toml\""}

[package.extras]
toml = ["tomli"]

[[package]]
name = "cprotobuf"
version = "0.1.11"
description = "pythonic and high performance protocol buffer implementation."
optional = false
python-versions = "*"
files = [
    {file = "cprotobuf-0.1.11.tar.gz", hash = "sha256:d2d88c8de840275205e64e530052c653dd25a0fb9e5cd9f7e39ce8f762d7c0a4"},
]

[[package]]
name = "exceptiongroup"
version = "1.1.3"
description = "Backport of PEP 654 (exception groups)"
optional = false
python-versions = ">=3.7"
files = [
    {file = "exceptiongroup-1.1.3-py3-none-any.whl", hash = "sha256:343280667a4585d195ca1cf9cef84a4e178c4b6cf2274caef9859782b567d5e3"},
    {file = "exceptiongroup-1.1.3.tar.gz", hash = "sha256:097acd85d473d75af5bb98e41b61ff7fe35efe6675e4f9370ec6ec5126d160e9"},
]

[package.extras]
test = ["pytest (>=6)"]

[[package]]
name = "graphviz"
version = "0.20.1"
description = "Simple Python interface for Graphviz"
optional = false
python-versions = ">=3.7"
files = [
    {file = "graphviz-0.20.1-py3-none-any.whl", hash = "sha256:587c58a223b51611c0cf461132da386edd896a029524ca61a1462b880bf97977"},
    {file = "graphviz-0.20.1.zip", hash = "sha256:8c58f14adaa3b947daf26c19bc1e98c4e0702cdc31cf99153e6f06904d492bf8"},
]

[package.extras]
dev = ["flake8", "pep8-naming", "tox (>=3)", "twine", "wheel"]
docs = ["sphinx (>=5)", "sphinx-autodoc-typehints", "sphinx-rtd-theme"]
test = ["coverage", "mock (>=4)", "pytest (>=7)", "pytest-cov", "pytest-mock (>=3)"]

[[package]]
name = "hexbytes"
version = "0.3.1"
description = "hexbytes: Python `bytes` subclass that decodes hex, with a readable console output"
optional = false
python-versions = ">=3.7, <4"
files = [
    {file = "hexbytes-0.3.1-py3-none-any.whl", hash = "sha256:383595ad75026cf00abd570f44b368c6cdac0c6becfae5c39ff88829877f8a59"},
    {file = "hexbytes-0.3.1.tar.gz", hash = "sha256:a3fe35c6831ee8fafd048c4c086b986075fc14fd46258fa24ecb8d65745f9a9d"},
]

[package.extras]
dev = ["black (>=22)", "bumpversion (>=0.5.3)", "eth-utils (>=1.0.1,<3)", "flake8 (==6.0.0)", "flake8-bugbear (==23.3.23)", "hypothesis (>=3.44.24,<=6.31.6)", "ipython", "isort (>=5.10.1)", "mypy (==0.971)", "pydocstyle (>=5.0.0)", "pytest (>=7.0.0)", "pytest-watch (>=4.1.0)", "pytest-xdist (>=2.4.0)", "sphinx (>=5.0.0)", "sphinx-rtd-theme (>=1.0.0)", "towncrier (>=21,<22)", "tox (>=4.0.0)", "twine", "wheel"]
doc = ["sphinx (>=5.0.0)", "sphinx-rtd-theme (>=1.0.0)", "towncrier (>=21,<22)"]
lint = ["black (>=22)", "flake8 (==6.0.0)", "flake8-bugbear (==23.3.23)", "isort (>=5.10.1)", "mypy (==0.971)", "pydocstyle (>=5.0.0)"]
test = ["eth-utils (>=1.0.1,<3)", "hypothesis (>=3.44.24,<=6.31.6)", "pytest (>=7.0.0)", "pytest-xdist (>=2.4.0)"]

[[package]]
name = "iniconfig"
version = "2.0.0"
description = "brain-dead simple config-ini parsing"
optional = false
python-versions = ">=3.7"
files = [
    {file = "iniconfig-2.0.0-py3-none-any.whl", hash = "sha256:b6a85871a79d2e3b22d2d1b94ac2824226a63c6b741c88f7ae975f18b6778374"},
    {file = "iniconfig-2.0.0.tar.gz", hash = "sha256:2d91e135bf72d31a410b17c16da610a82cb55f6b0477d1a902134b24a455b8b3"},
]

[[package]]
name = "packaging"
version = "23.1"
description = "Core utilities for Python packages"
optional = false
python-versions = ">=3.7"
files = [
    {file = "packaging-23.1-py3-none-any.whl", hash = "sha256:994793af429502c4ea2ebf6bf664629d07c1a9fe974af92966e4b8d2df7edc61"},
    {file = "packaging-23.1.tar.gz", hash = "sha256:a392980d2b6cffa644431898be54b0045151319d1e7ec34f0cfed48767dd334f"},
]

[[package]]
name = "pluggy"
version = "1.3.0"
description = "plugin and hook calling mechanisms for python"
optional = false
python-versions = ">=3.8"
files = [
    {file = "pluggy-1.3.0-py3-none-any.whl", hash = "sha256:d89c696a773f8bd377d18e5ecda92b7a3793cbe66c87060a6fb58c7b6e1061f7"},
    {file = "pluggy-1.3.0.tar.gz", hash = "sha256:cf61ae8f126ac6f7c451172cf30e3e43d3ca77615509771b3a984a0730651e12"},
]

[package.extras]
dev = ["pre-commit", "tox"]
testing = ["pytest", "pytest-benchmark"]

[[package]]
name = "plyvel"
version = "1.5.0"
description = "Plyvel, a fast and feature-rich Python interface to LevelDB"
optional = false
python-versions = "*"
files = [
    {file = "plyvel-1.5.0-cp310-cp310-manylinux_2_17_x86_64.manylinux2014_x86_64.whl", hash = "sha256:92d949ec657f58e966ee5cc58ea51c436b61e43b86247656f1b6d4a987782a35"},
    {file = "plyvel-1.5.0-cp311-cp311-manylinux_2_17_x86_64.manylinux2014_x86_64.whl", hash = "sha256:48df7416267977641e9ff82a2bce022e6f5e91889eae95322685fccf6ec9a3d7"},
    {file = "plyvel-1.5.0-cp37-cp37m-manylinux_2_17_x86_64.manylinux2014_x86_64.whl", hash = "sha256:f3b5ddaaa7b019db805a74cba52c39d88dd6447add1cb2620b0195115e4aa68b"},
    {file = "plyvel-1.5.0-cp38-cp38-manylinux_2_17_x86_64.manylinux2014_x86_64.whl", hash = "sha256:c480b57848e31c2e47029d3fb0f57ad4fc6a9204867e51bbdcf81a62df75de4b"},
    {file = "plyvel-1.5.0-cp39-cp39-manylinux_2_17_x86_64.manylinux2014_x86_64.whl", hash = "sha256:cb217f52215ac715091396bcbaf645d4ef8eb4b5dd9f96ef01abc0aaed45e2ca"},
    {file = "plyvel-1.5.0.tar.gz", hash = "sha256:cd918e0b31690abcd3d202a8742caf951ab2fe1573de7af71c38456847f9202b"},
]

[[package]]
name = "pytest"
version = "7.4.2"
description = "pytest: simple powerful testing with Python"
optional = false
python-versions = ">=3.7"
files = [
    {file = "pytest-7.4.2-py3-none-any.whl", hash = "sha256:1d881c6124e08ff0a1bb75ba3ec0bfd8b5354a01c194ddd5a0a870a48d99b002"},
    {file = "pytest-7.4.2.tar.gz", hash = "sha256:a766259cfab564a2ad52cb1aae1b881a75c3eb7e34ca3779697c23ed47c47069"},
]

[package.dependencies]
colorama = {version = "*", markers = "sys_platform == \"win32\""}
exceptiongroup = {version = ">=1.0.0rc8", markers = "python_version < \"3.11\""}
iniconfig = "*"
packaging = "*"
pluggy = ">=0.12,<2.0"
tomli = {version = ">=1.0.0", markers = "python_version < \"3.11\""}

[package.extras]
testing = ["argcomplete", "attrs (>=19.2.0)", "hypothesis (>=3.56)", "mock", "nose", "pygments (>=2.7.2)", "requests", "setuptools", "xmlschema"]

[[package]]
name = "pytest-cov"
version = "4.1.0"
description = "Pytest plugin for measuring coverage."
optional = false
python-versions = ">=3.7"
files = [
    {file = "pytest-cov-4.1.0.tar.gz", hash = "sha256:3904b13dfbfec47f003b8e77fd5b589cd11904a21ddf1ab38a64f204d6a10ef6"},
    {file = "pytest_cov-4.1.0-py3-none-any.whl", hash = "sha256:6ba70b9e97e69fcc3fb45bfeab2d0a138fb65c4d0d6a41ef33983ad114be8c3a"},
]

[package.dependencies]
coverage = {version = ">=5.2.1", extras = ["toml"]}
pytest = ">=4.6"

[package.extras]
testing = ["fields", "hunter", "process-tests", "pytest-xdist", "six", "virtualenv"]

[[package]]
name = "python-snappy"
version = "0.6.1"
description = "Python library for the snappy compression library from Google"
optional = false
python-versions = "*"
files = [
    {file = "python-snappy-0.6.1.tar.gz", hash = "sha256:b6a107ab06206acc5359d4c5632bd9b22d448702a79b3169b0c62e0fb808bb2a"},
    {file = "python_snappy-0.6.1-cp310-cp310-macosx_10_9_universal2.whl", hash = "sha256:b7f920eaf46ebf41bd26f9df51c160d40f9e00b7b48471c3438cb8d027f7fb9b"},
    {file = "python_snappy-0.6.1-cp310-cp310-macosx_10_9_x86_64.whl", hash = "sha256:4ec533a8c1f8df797bded662ec3e494d225b37855bb63eb0d75464a07947477c"},
    {file = "python_snappy-0.6.1-cp310-cp310-manylinux_2_12_i686.manylinux2010_i686.whl", hash = "sha256:6f8bf4708a11b47517baf962f9a02196478bbb10fdb9582add4aa1459fa82380"},
    {file = "python_snappy-0.6.1-cp310-cp310-manylinux_2_12_x86_64.manylinux2010_x86_64.whl", hash = "sha256:8d0c019ee7dcf2c60e240877107cddbd95a5b1081787579bf179938392d66480"},
    {file = "python_snappy-0.6.1-cp310-cp310-manylinux_2_17_aarch64.manylinux2014_aarch64.whl", hash = "sha256:cb18d9cd7b3f35a2f5af47bb8ed6a5bdbf4f3ddee37f3daade4ab7864c292f5b"},
    {file = "python_snappy-0.6.1-cp310-cp310-manylinux_2_17_ppc64le.manylinux2014_ppc64le.whl", hash = "sha256:b265cde49774752aec9ca7f5d272e3f98718164afc85521622a8a5394158a2b5"},
    {file = "python_snappy-0.6.1-cp310-cp310-manylinux_2_17_s390x.manylinux2014_s390x.whl", hash = "sha256:d017775851a778ec9cc32651c4464079d06d927303c2dde9ae9830ccf6fe94e1"},
    {file = "python_snappy-0.6.1-cp310-cp310-win32.whl", hash = "sha256:8277d1f6282463c40761f802b742f833f9f2449fcdbb20a96579aa05c8feb614"},
    {file = "python_snappy-0.6.1-cp310-cp310-win_amd64.whl", hash = "sha256:2aaaf618c68d8c9daebc23a20436bd01b09ee70d7fbf7072b7f38b06d2fab539"},
    {file = "python_snappy-0.6.1-cp36-cp36m-macosx_10_9_x86_64.whl", hash = "sha256:277757d5dad4e239dc1417438a0871b65b1b155beb108888e7438c27ffc6a8cc"},
    {file = "python_snappy-0.6.1-cp36-cp36m-manylinux_2_12_i686.manylinux2010_i686.whl", hash = "sha256:e066a0586833d610c4bbddba0be5ba0e3e4f8e0bc5bb6d82103d8f8fc47bb59a"},
    {file = "python_snappy-0.6.1-cp36-cp36m-manylinux_2_12_x86_64.manylinux2010_x86_64.whl", hash = "sha256:0d489b50f49433494160c45048fe806de6b3aeab0586e497ebd22a0bab56e427"},
    {file = "python_snappy-0.6.1-cp36-cp36m-manylinux_2_17_aarch64.manylinux2014_aarch64.whl", hash = "sha256:463fd340a499d47b26ca42d2f36a639188738f6e2098c6dbf80aef0e60f461e1"},
    {file = "python_snappy-0.6.1-cp36-cp36m-manylinux_2_17_ppc64le.manylinux2014_ppc64le.whl", hash = "sha256:9837ac1650cc68d22a3cf5f15fb62c6964747d16cecc8b22431f113d6e39555d"},
    {file = "python_snappy-0.6.1-cp36-cp36m-manylinux_2_17_s390x.manylinux2014_s390x.whl", hash = "sha256:5e973e637112391f05581f427659c05b30b6843bc522a65be35ac7b18ce3dedd"},
    {file = "python_snappy-0.6.1-cp36-cp36m-win32.whl", hash = "sha256:c20498bd712b6e31a4402e1d027a1cd64f6a4a0066a3fe3c7344475886d07fdf"},
    {file = "python_snappy-0.6.1-cp36-cp36m-win_amd64.whl", hash = "sha256:59e975be4206cc54d0a112ef72fa3970a57c2b1bcc2c97ed41d6df0ebe518228"},
    {file = "python_snappy-0.6.1-cp37-cp37m-macosx_10_9_x86_64.whl", hash = "sha256:2a7e528ab6e09c0d67dcb61a1730a292683e5ff9bb088950638d3170cf2a0a54"},
    {file = "python_snappy-0.6.1-cp37-cp37m-manylinux_2_12_i686.manylinux2010_i686.whl", hash = "sha256:39692bedbe0b717001a99915ac0eb2d9d0bad546440d392a2042b96d813eede1"},
    {file = "python_snappy-0.6.1-cp37-cp37m-manylinux_2_12_x86_64.manylinux2010_x86_64.whl", hash = "sha256:6a7620404da966f637b9ce8d4d3d543d363223f7a12452a575189c5355fc2d25"},
    {file = "python_snappy-0.6.1-cp37-cp37m-manylinux_2_17_aarch64.manylinux2014_aarch64.whl", hash = "sha256:7778c224efc38a40d274da4eb82a04cac27aae20012372a7db3c4bbd8926c4d4"},
    {file = "python_snappy-0.6.1-cp37-cp37m-manylinux_2_17_ppc64le.manylinux2014_ppc64le.whl", hash = "sha256:1d029f7051ec1bbeaa3e03030b6d8ed47ceb69cae9016f493c802a08af54e026"},
    {file = "python_snappy-0.6.1-cp37-cp37m-manylinux_2_17_s390x.manylinux2014_s390x.whl", hash = "sha256:a0ad38bc98d0b0497a0b0dbc29409bcabfcecff4511ed7063403c86de16927bc"},
    {file = "python_snappy-0.6.1-cp37-cp37m-win32.whl", hash = "sha256:5a453c45178d7864c1bdd6bfe0ee3ed2883f63b9ba2c9bb967c6b586bf763f96"},
    {file = "python_snappy-0.6.1-cp37-cp37m-win_amd64.whl", hash = "sha256:9f0c0d88b84259f93c3aa46398680646f2c23e43394779758d9f739c34e15295"},
    {file = "python_snappy-0.6.1-cp38-cp38-macosx_10_9_universal2.whl", hash = "sha256:5bb05c28298803a74add08ba496879242ef159c75bc86a5406fac0ffc7dd021b"},
    {file = "python_snappy-0.6.1-cp38-cp38-macosx_10_9_x86_64.whl", hash = "sha256:9eac51307c6a1a38d5f86ebabc26a889fddf20cbba7a116ccb54ba1446601d5b"},
    {file = "python_snappy-0.6.1-cp38-cp38-manylinux_2_12_i686.manylinux2010_i686.whl", hash = "sha256:88b6ea78b83d2796f330b0af1b70cdd3965dbdab02d8ac293260ec2c8fe340ee"},
    {file = "python_snappy-0.6.1-cp38-cp38-manylinux_2_12_x86_64.manylinux2010_x86_64.whl", hash = "sha256:8c07220408d3268e8268c9351c5c08041bc6f8c6172e59d398b71020df108541"},
    {file = "python_snappy-0.6.1-cp38-cp38-manylinux_2_17_aarch64.manylinux2014_aarch64.whl", hash = "sha256:4038019b1bcaadde726a57430718394076c5a21545ebc5badad2c045a09546cf"},
    {file = "python_snappy-0.6.1-cp38-cp38-manylinux_2_17_ppc64le.manylinux2014_ppc64le.whl", hash = "sha256:dc96668d9c7cc656609764275c5f8da58ef56d89bdd6810f6923d36497468ff7"},
    {file = "python_snappy-0.6.1-cp38-cp38-manylinux_2_17_s390x.manylinux2014_s390x.whl", hash = "sha256:cf5bb9254e1c38aacf253d510d3d9be631bba21f3d068b17672b38b5cbf2fff5"},
    {file = "python_snappy-0.6.1-cp38-cp38-win32.whl", hash = "sha256:eaf905a580f2747c4a474040a5063cd5e0cc3d1d2d6edb65f28196186493ad4a"},
    {file = "python_snappy-0.6.1-cp38-cp38-win_amd64.whl", hash = "sha256:546c1a7470ecbf6239101e9aff0f709b68ca0f0268b34d9023019a55baa1f7c6"},
    {file = "python_snappy-0.6.1-cp39-cp39-macosx_10_9_universal2.whl", hash = "sha256:e3a013895c64352b49d0d8e107a84f99631b16dbab156ded33ebf0becf56c8b2"},
    {file = "python_snappy-0.6.1-cp39-cp39-macosx_10_9_x86_64.whl", hash = "sha256:3fb9a88a4dd6336488f3de67ce75816d0d796dce53c2c6e4d70e0b565633c7fd"},
    {file = "python_snappy-0.6.1-cp39-cp39-manylinux_2_12_i686.manylinux2010_i686.whl", hash = "sha256:735cd4528c55dbe4516d6d2b403331a99fc304f8feded8ae887cf97b67d589bb"},
    {file = "python_snappy-0.6.1-cp39-cp39-manylinux_2_12_x86_64.manylinux2010_x86_64.whl", hash = "sha256:90b0186516b7a101c14764b0c25931b741fb0102f21253eff67847b4742dfc72"},
    {file = "python_snappy-0.6.1-cp39-cp39-manylinux_2_17_aarch64.manylinux2014_aarch64.whl", hash = "sha256:1a993dc8aadd901915a510fe6af5f20ae4256f527040066c22a154db8946751f"},
    {file = "python_snappy-0.6.1-cp39-cp39-manylinux_2_17_ppc64le.manylinux2014_ppc64le.whl", hash = "sha256:530bfb9efebcc1aab8bb4ebcbd92b54477eed11f6cf499355e882970a6d3aa7d"},
    {file = "python_snappy-0.6.1-cp39-cp39-manylinux_2_17_s390x.manylinux2014_s390x.whl", hash = "sha256:5843feb914796b1f0405ccf31ea0fb51034ceb65a7588edfd5a8250cb369e3b2"},
    {file = "python_snappy-0.6.1-cp39-cp39-win32.whl", hash = "sha256:66c80e9b366012dbee262bb1869e4fc5ba8786cda85928481528bc4a72ec2ee8"},
    {file = "python_snappy-0.6.1-cp39-cp39-win_amd64.whl", hash = "sha256:4d3cafdf454354a621c8ab7408e45aa4e9d5c0b943b61ff4815f71ca6bdf0130"},
    {file = "python_snappy-0.6.1-pp37-pypy37_pp73-manylinux_2_12_i686.manylinux2010_i686.whl", hash = "sha256:586724a0276d7a6083a17259d0b51622e492289a9998848a1b01b6441ca12b2f"},
    {file = "python_snappy-0.6.1-pp37-pypy37_pp73-manylinux_2_12_x86_64.manylinux2010_x86_64.whl", hash = "sha256:2be4f4550acd484912441f5f1209ba611ac399aac9355fee73611b9a0d4f949c"},
    {file = "python_snappy-0.6.1-pp37-pypy37_pp73-manylinux_2_17_aarch64.manylinux2014_aarch64.whl", hash = "sha256:0bdb6942180660bda7f7d01f4c0def3cfc72b1c6d99aad964801775a3e379aba"},
    {file = "python_snappy-0.6.1-pp37-pypy37_pp73-win_amd64.whl", hash = "sha256:03bb511380fca2a13325b6f16fe8234c8e12da9660f0258cd45d9a02ffc916af"},
]

[[package]]
name = "rocksdb"
version = "0.9.2"
description = ""
optional = false
python-versions = "*"
files = []
develop = false

[package.dependencies]
setuptools = ">=25"

[package.extras]
doc = ["sphinx", "sphinx_rtd_theme"]
test = ["pytest"]

[package.source]
type = "git"
url = "https://github.com/HathorNetwork/python-rocksdb.git"
reference = "master"
resolved_reference = "72edcfbd22f4a3ca816f94096d3ec181da41031e"

[[package]]
name = "setuptools"
version = "68.2.2"
description = "Easily download, build, install, upgrade, and uninstall Python packages"
optional = false
python-versions = ">=3.8"
files = [
    {file = "setuptools-68.2.2-py3-none-any.whl", hash = "sha256:b454a35605876da60632df1a60f736524eb73cc47bbc9f3f1ef1b644de74fd2a"},
    {file = "setuptools-68.2.2.tar.gz", hash = "sha256:4ac1475276d2f1c48684874089fefcd83bd7162ddaafb81fac866ba0db282a87"},
]

[package.extras]
docs = ["furo", "jaraco.packaging (>=9.3)", "jaraco.tidelift (>=1.4)", "pygments-github-lexers (==0.0.5)", "rst.linker (>=1.9)", "sphinx (>=3.5)", "sphinx-favicon", "sphinx-hoverxref (<2)", "sphinx-inline-tabs", "sphinx-lint", "sphinx-notfound-page (>=1,<2)", "sphinx-reredirects", "sphinxcontrib-towncrier"]
testing = ["build[virtualenv]", "filelock (>=3.4.0)", "flake8-2020", "ini2toml[lite] (>=0.9)", "jaraco.develop (>=7.21)", "jaraco.envs (>=2.2)", "jaraco.path (>=3.2.0)", "pip (>=19.1)", "pytest (>=6)", "pytest-black (>=0.3.7)", "pytest-checkdocs (>=2.4)", "pytest-cov", "pytest-enabler (>=2.2)", "pytest-mypy (>=0.9.1)", "pytest-perf", "pytest-ruff", "pytest-timeout", "pytest-xdist", "tomli-w (>=1.0.0)", "virtualenv (>=13.0.0)", "wheel"]
testing-integration = ["build[virtualenv] (>=1.0.3)", "filelock (>=3.4.0)", "jaraco.envs (>=2.2)", "jaraco.path (>=3.2.0)", "packaging (>=23.1)", "pytest", "pytest-enabler", "pytest-xdist", "tomli", "virtualenv (>=13.0.0)", "wheel"]

[[package]]
name = "tomli"
version = "2.0.1"
description = "A lil' TOML parser"
optional = false
python-versions = ">=3.7"
files = [
    {file = "tomli-2.0.1-py3-none-any.whl", hash = "sha256:939de3e7a6161af0c887ef91b7d41a53e7c5a1ca976325f429cb46ea9bc30ecc"},
    {file = "tomli-2.0.1.tar.gz", hash = "sha256:de526c12914f0c550d15924c62d72abc48d6fe7364aa87328337a31007fe8a4f"},
]

[metadata]
lock-version = "2.0"
python-versions = "^3.9"
content-hash = "0660cab1f3e99d16728e2cd34d6bd5960cc6e68b5f52bdddf0945770c920da45"
